
Microsoft Visual Studio Solution File, Format Version 12.00
# Visual Studio Version 17
VisualStudioVersion = 17.13.36105.23 d17.13
MinimumVisualStudioVersion = 10.0.40219.1
Project("{FAE04EC0-301F-11D3-BF4B-00C04F79EFBC}") = "Bulky_Web", "Bulky_Web.csproj", "{89CBD410-F980-480A-B0F7-792C7C0E64D2}"
EndProject
Global
	GlobalSection(SolutionConfigurationPlatforms) = preSolution
		Debug|Any CPU = Debug|Any CPU
		Release|Any CPU = Release|Any CPU
	EndGlobalSection
	GlobalSection(ProjectConfigurationPlatforms) = postSolution
		{89CBD410-F980-480A-B0F7-792C7C0E64D2}.Debug|Any CPU.ActiveCfg = Debug|Any CPU
		{89CBD410-F980-480A-B0F7-792C7C0E64D2}.Debug|Any CPU.Build.0 = Debug|Any CPU
		{89CBD410-F980-480A-B0F7-792C7C0E64D2}.Release|Any CPU.ActiveCfg = Release|Any CPU
		{89CBD410-F980-480A-B0F7-792C7C0E64D2}.Release|Any CPU.Build.0 = Release|Any CPU
	EndGlobalSection
	GlobalSection(SolutionProperties) = preSolution
		HideSolutionNode = FALSE
	EndGlobalSection
	GlobalSection(ExtensibilityGlobals) = postSolution
		SolutionGuid = {1005857D-4A91-4AD5-8E68-121DEEDEB81E}
	EndGlobalSection
EndGlobal
